
Microsoft Visual Studio Solution File, Format Version 12.00
# Visual Studio Version 16
VisualStudioVersion = 16.0.29905.134
MinimumVisualStudioVersion = 10.0.40219.1
Project("{FAE04EC0-301F-11D3-BF4B-00C04F79EFBC}") = "Calculator1.Tests", "Calculator1.Tests\Calculator1.Tests.csproj", "{4B5D50F1-170E-40D6-8316-FA766F1CDE9C}"
EndProject
Project("{2150E333-8FDC-42A3-9474-1A3956D46DE8}") = "Solution Items", "Solution Items", "{31789CD1-57EF-4270-B9B8-3238B06E72B7}"
	ProjectSection(SolutionItems) = preProject
		runCalculator1Tests.runsettings = runCalculator1Tests.runsettings
	EndProjectSection
EndProject
Global
	GlobalSection(SolutionConfigurationPlatforms) = preSolution
		Debug|Any CPU = Debug|Any CPU
		Release|Any CPU = Release|Any CPU
	EndGlobalSection
	GlobalSection(ProjectConfigurationPlatforms) = postSolution
		{4B5D50F1-170E-40D6-8316-FA766F1CDE9C}.Debug|Any CPU.ActiveCfg = Debug|Any CPU
		{4B5D50F1-170E-40D6-8316-FA766F1CDE9C}.Debug|Any CPU.Build.0 = Debug|Any CPU
		{4B5D50F1-170E-40D6-8316-FA766F1CDE9C}.Release|Any CPU.ActiveCfg = Release|Any CPU
		{4B5D50F1-170E-40D6-8316-FA766F1CDE9C}.Release|Any CPU.Build.0 = Release|Any CPU
	EndGlobalSection
	GlobalSection(SolutionProperties) = preSolution
		HideSolutionNode = FALSE
	EndGlobalSection
	GlobalSection(ExtensibilityGlobals) = postSolution
		SolutionGuid = {0B86049D-7133-49B0-BBFB-3667ADC1E4D5}
	EndGlobalSection
EndGlobal
